
Microsoft Visual Studio Solution File, Format Version 12.00
# Visual Studio 15
VisualStudioVersion = 15.0.27703.2035
MinimumVisualStudioVersion = 10.0.40219.1
Project("{FAE04EC0-301F-11D3-BF4B-00C04F79EFBC}") = "hCpp", "hCpp\hCpp.csproj", "{22070BBE-598F-4456-83DC-44E4F3CF1B2A}"
EndProject
Global
	GlobalSection(SolutionConfigurationPlatforms) = preSolution
		Debug|Any CPU = Debug|Any CPU
		Release|Any CPU = Release|Any CPU
	EndGlobalSection
	GlobalSection(ProjectConfigurationPlatforms) = postSolution
		{22070BBE-598F-4456-83DC-44E4F3CF1B2A}.Debug|Any CPU.ActiveCfg = Debug|Any CPU
		{22070BBE-598F-4456-83DC-44E4F3CF1B2A}.Debug|Any CPU.Build.0 = Debug|Any CPU
		{22070BBE-598F-4456-83DC-44E4F3CF1B2A}.Release|Any CPU.ActiveCfg = Release|Any CPU
		{22070BBE-598F-4456-83DC-44E4F3CF1B2A}.Release|Any CPU.Build.0 = Release|Any CPU
	EndGlobalSection
	GlobalSection(SolutionProperties) = preSolution
		HideSolutionNode = FALSE
	EndGlobalSection
	GlobalSection(ExtensibilityGlobals) = postSolution
		SolutionGuid = {1F153C62-A9A3-49E1-9523-79EDC7C26D5C}
	EndGlobalSection
EndGlobal
